{
  "version": 4,
  "terraform_version": "1.4.2",
  "serial": 1,
  "lineage": "477ef37b-e225-be17-9cf6-4b5032193731",
  "outputs": {},
  "resources": [
    {
      "mode": "managed",
      "type": "google_container_cluster",
      "name": "cluster",
      "provider": "provider[\"registry.terraform.io/hashicorp/google\"]",
      "instances": [
        {
          "schema_version": 1,
          "attributes": {
            "addons_config": [
              {
                "cloudrun_config": [],
                "config_connector_config": [],
                "dns_cache_config": [],
                "gce_persistent_disk_csi_driver_config": [
                  {
                    "enabled": true
                  }
                ],
                "gcp_filestore_csi_driver_config": [],
                "gke_backup_agent_config": [],
                "horizontal_pod_autoscaling": [],
                "http_load_balancing": [],
                "network_policy_config": [
                  {
                    "disabled": true
                  }
                ]
              }
            ],
            "authenticator_groups_config": [],
            "binary_authorization": [
              {
                "enabled": false,
                "evaluation_mode": ""
              }
            ],
            "cluster_autoscaling": [
              {
                "auto_provisioning_defaults": [],
                "enabled": false,
                "resource_limits": []
              }
            ],
            "cluster_ipv4_cidr": "10.0.0.0/14",
            "confidential_nodes": [],
            "cost_management_config": [],
            "database_encryption": [
              {
                "key_name": "",
                "state": "DECRYPTED"
              }
            ],
            "datapath_provider": "",
            "default_max_pods_per_node": null,
            "default_snat_status": [
              {
                "disabled": false
              }
            ],
            "description": "",
            "dns_config": [],
            "enable_autopilot": false,
            "enable_binary_authorization": false,
            "enable_intranode_visibility": false,
            "enable_kubernetes_alpha": false,
            "enable_l4_ilb_subsetting": false,
            "enable_legacy_abac": false,
            "enable_shielded_nodes": true,
            "enable_tpu": false,
            "endpoint": "34.67.132.221",
            "gateway_api_config": [],
            "id": "projects/avid-influence-381703/locations/us-central1-a/clusters/kesompochy-page",
            "initial_node_count": 3,
            "ip_allocation_policy": [],
            "label_fingerprint": "a9dc16a7",
            "location": "us-central1-a",
            "logging_config": [
              {
                "enable_components": [
                  "SYSTEM_COMPONENTS",
                  "WORKLOADS"
                ]
              }
            ],
            "logging_service": "logging.googleapis.com/kubernetes",
            "maintenance_policy": [],
            "master_auth": [
              {
                "client_certificate": "",
                "client_certificate_config": [
                  {
                    "issue_client_certificate": false
                  }
                ],
                "client_key": "",
                "cluster_ca_certificate": "LS0tLS1CRUdJTiBDRVJUSUZJQ0FURS0tLS0tCk1JSUVMVENDQXBXZ0F3SUJBZ0lSQUtUajBpQWR6TlhkWElMY0M4WTdSOXd3RFFZSktvWklodmNOQVFFTEJRQXcKTHpFdE1Dc0dBMVVFQXhNa1kyWTRaVE0xTkdRdE1UWm1ZeTAwWWpJeExUazBPV0l0WVRZNU9Ua3pNek5qWkRFMgpNQ0FYRFRJek1ETXlOVEU0TURJME5Wb1lEekl3TlRNd016RTNNVGt3TWpRMVdqQXZNUzB3S3dZRFZRUURFeVJqClpqaGxNelUwWkMweE5tWmpMVFJpTWpFdE9UUTVZaTFoTmprNU9UTXpNMk5rTVRZd2dnR2lNQTBHQ1NxR1NJYjMKRFFFQkFRVUFBNElCandBd2dnR0tBb0lCZ1FDT2U0WlRUSHpRalQvK2t1bWxqa0lXZ3hPMjJ3MHdCME1HR1FLbgpYdExrUnRXbVN5R2F3L1pxMjNvUVZ5bXE4Rng5N2NLR0tDRjBjU1RaMjVZdlU2WGNjZnlrY1d2akZOVnlWbFFrCktLVXo4TytOVlRMOGNITS9odWQ1UGNRV3RHcFFtS3FydEEvRlBUT3NySHVBN2ZHOCs1OU5DV3I3U3FVNkJKNDcKeXVWVU8xVjJFTGF3SElSdCtLdm5zSUlEVlhpUGFIc25YL0lZQzJrYkFPVGdhMURiK3hpR0luRFBvL3l6emUvagpsT09IMmJUUWdxdDQ4RVA2MFQwMWZxa3F3cXpxUDM1MmsyK2NsTk5PQWZwcEkzamJsQk1aUzgrbVZZU0o3RVU2CkhoQURZaGI4ZmxzTUhsNldFa1dUVEt4aHdtMjRVTk5YQTZIdC9KVC9TeXFtVGxGREtrdDU1cTVrZGkrdldSSzYKLzNFRFh6blpzakJlQ2F5amRJMSt2aVQwa3cyN3FSQ3gxbForVngvQzFvMTN3RWhYNml1VkRjNzVRVWpya05DZApIVnVWUU9rMzVEU0E5SkpEaEVTMkpjREVqTHp4eHBkd2taWStwQ21HYWlqaVE4UzNTeXIxZ1E4WE1vTXUxTVJvCjN5Y21RL2FlbXlnNEVLWTI1MUdHNmxjV3NEMENBd0VBQWFOQ01FQXdEZ1lEVlIwUEFRSC9CQVFEQWdJRU1BOEcKQTFVZEV3RUIvd1FGTUFNQkFmOHdIUVlEVlIwT0JCWUVGQ3EyNSs5NTZ5QWhJdU94YmppS2ZUcEtpMURNTUEwRwpDU3FHU0liM0RRRUJDd1VBQTRJQmdRQjErVUY3ZnJrdFZwQldiaURDWFI1SEwrcFdXYUt5ZHplN3BVMzkzUjBOCkhId1poa2RvbTcwVDVFNlhmSmJ6NnY1R3NwYk5MNWt0T3VjQ3I2SE8vSFlGVlRGa0owdktGbjJsak5YQU43eTkKMmR2RUlsMnRxd09MZmswUTJ6SVBjaVlDRUFQVU1mZGFxZ3djM3VUekduamR2c3pMQlE5Y3lBZ3pRZnR3cUE2cQpPaTcwZFBMcUk0Tnp6SGQ5Y3g1STEwcitXN1A5NUpISHhTT1lLVjVLUkNKUTFHbUQvb29oVVRMTVlsZnV4emFDCnFLdEpDNXBraTRGYUZHSi9MKzhZbjh1RlBsMGJ5SnIwVUxLRFp5bC9LSS80MGRzRWZGQUpGMG5iWWE2OGcvWTEKUmlJNzZNWENRRHhmOG83TWNZYW1pMVNzcEwyeG5rSkQ0NmM3dGszV0UzY1BKT3UzRlE5YVFNcXR1aFZ4S0lQNwpKSlNuWU54RHJtQis0WDROYXlaZmVGMDJiYzVBMTRacUt2K1NhWWhBUzkvQ3BSSGZVaFRRUlFTSGJybEFkVklQCkpNcjNraU9CbUwzQzRZUXR4WHpYYW5aRm1pTkxRWURsdS9yQ0hLU0t3NDFlQi9kMXlDcStFendXVXpwZGZYSWYKQXNkaUhyRzg3Y3gzSWF6VHBpM2l1bjQ9Ci0tLS0tRU5EIENFUlRJRklDQVRFLS0tLS0K"
              }
            ],
            "master_authorized_networks_config": [],
            "master_version": "1.24.9-gke.3200",
            "mesh_certificates": [],
            "min_master_version": null,
            "monitoring_config": [
              {
                "enable_components": [
                  "SYSTEM_COMPONENTS"
                ],
                "managed_prometheus": []
              }
            ],
            "monitoring_service": "monitoring.googleapis.com/kubernetes",
            "name": "kesompochy-page",
            "network": "projects/avid-influence-381703/global/networks/default",
            "network_policy": [
              {
                "enabled": false,
                "provider": "PROVIDER_UNSPECIFIED"
              }
            ],
            "networking_mode": "ROUTES",
            "node_config": [
              {
                "boot_disk_kms_key": "",
                "disk_size_gb": 100,
                "disk_type": "pd-balanced",
                "gcfs_config": [],
                "guest_accelerator": [],
                "gvnic": [],
                "image_type": "COS_CONTAINERD",
                "kubelet_config": [],
                "labels": {},
                "linux_node_config": [],
                "local_ssd_count": 0,
                "logging_variant": "DEFAULT",
                "machine_type": "n1-standard-2",
                "metadata": {
                  "disable-legacy-endpoints": "true"
                },
                "min_cpu_platform": "",
                "node_group": "",
                "oauth_scopes": [
                  "https://www.googleapis.com/auth/devstorage.read_only",
                  "https://www.googleapis.com/auth/logging.write",
                  "https://www.googleapis.com/auth/monitoring",
                  "https://www.googleapis.com/auth/service.management.readonly",
                  "https://www.googleapis.com/auth/servicecontrol",
                  "https://www.googleapis.com/auth/trace.append"
                ],
                "preemptible": false,
                "reservation_affinity": [],
                "resource_labels": null,
                "service_account": "default",
                "shielded_instance_config": [
                  {
                    "enable_integrity_monitoring": true,
                    "enable_secure_boot": false
                  }
                ],
                "spot": false,
                "tags": null,
                "taint": [],
                "workload_metadata_config": []
              }
            ],
            "node_locations": [],
            "node_pool": [
              {
                "autoscaling": [],
                "initial_node_count": 3,
                "instance_group_urls": [
                  "https://www.googleapis.com/compute/v1/projects/avid-influence-381703/zones/us-central1-a/instanceGroupManagers/gke-kesompochy-page-default-pool-7bb16e8c-grp"
                ],
                "managed_instance_group_urls": [
                  "https://www.googleapis.com/compute/v1/projects/avid-influence-381703/zones/us-central1-a/instanceGroups/gke-kesompochy-page-default-pool-7bb16e8c-grp"
                ],
                "management": [
                  {
                    "auto_repair": true,
                    "auto_upgrade": true
                  }
                ],
                "max_pods_per_node": 0,
                "name": "default-pool",
                "name_prefix": "",
                "network_config": [
                  {
                    "create_pod_range": false,
                    "enable_private_nodes": false,
                    "pod_ipv4_cidr_block": "",
                    "pod_range": ""
                  }
                ],
                "node_config": [
                  {
                    "boot_disk_kms_key": "",
                    "disk_size_gb": 100,
                    "disk_type": "pd-balanced",
                    "gcfs_config": [],
                    "guest_accelerator": [],
                    "gvnic": [],
                    "image_type": "COS_CONTAINERD",
                    "kubelet_config": [],
                    "labels": {},
                    "linux_node_config": [],
                    "local_ssd_count": 0,
                    "logging_variant": "DEFAULT",
                    "machine_type": "n1-standard-2",
                    "metadata": {
                      "disable-legacy-endpoints": "true"
                    },
                    "min_cpu_platform": "",
                    "node_group": "",
                    "oauth_scopes": [
                      "https://www.googleapis.com/auth/devstorage.read_only",
                      "https://www.googleapis.com/auth/logging.write",
                      "https://www.googleapis.com/auth/monitoring",
                      "https://www.googleapis.com/auth/service.management.readonly",
                      "https://www.googleapis.com/auth/servicecontrol",
                      "https://www.googleapis.com/auth/trace.append"
                    ],
                    "preemptible": false,
                    "reservation_affinity": [],
                    "resource_labels": {},
                    "service_account": "default",
                    "shielded_instance_config": [
                      {
                        "enable_integrity_monitoring": true,
                        "enable_secure_boot": false
                      }
                    ],
                    "spot": false,
                    "tags": [],
                    "taint": [],
                    "workload_metadata_config": []
                  }
                ],
                "node_count": 3,
                "node_locations": [
                  "us-central1-a"
                ],
                "placement_policy": [],
                "upgrade_settings": [
                  {
                    "blue_green_settings": [],
                    "max_surge": 1,
                    "max_unavailable": 0,
                    "strategy": "SURGE"
                  }
                ],
                "version": "1.24.9-gke.3200"
              }
            ],
            "node_pool_defaults": [
              {
                "node_config_defaults": [
                  {
                    "logging_variant": "DEFAULT"
                  }
                ]
              }
            ],
            "node_version": "1.24.9-gke.3200",
            "notification_config": [
              {
                "pubsub": [
                  {
                    "enabled": false,
                    "filter": [],
                    "topic": ""
                  }
                ]
              }
            ],
            "operation": null,
            "private_cluster_config": [
              {
                "enable_private_endpoint": false,
                "enable_private_nodes": false,
                "master_global_access_config": [
                  {
                    "enabled": false
                  }
                ],
                "master_ipv4_cidr_block": "",
                "peering_name": "",
                "private_endpoint": "10.128.0.2",
                "private_endpoint_subnetwork": "",
                "public_endpoint": "34.67.132.221"
              }
            ],
            "private_ipv6_google_access": "",
            "project": "avid-influence-381703",
            "release_channel": [
              {
                "channel": "REGULAR"
              }
            ],
            "remove_default_node_pool": null,
            "resource_labels": null,
            "resource_usage_export_config": [],
            "self_link": "https://container.googleapis.com/v1/projects/avid-influence-381703/zones/us-central1-a/clusters/kesompochy-page",
            "service_external_ips_config": [
              {
                "enabled": false
              }
            ],
            "services_ipv4_cidr": "10.3.240.0/20",
            "subnetwork": "projects/avid-influence-381703/regions/us-central1/subnetworks/default",
            "timeouts": null,
            "tpu_ipv4_cidr_block": "",
            "vertical_pod_autoscaling": [],
            "workload_identity_config": []
          },
          "sensitive_attributes": [],
          "private": "eyJlMmJmYjczMC1lY2FhLTExZTYtOGY4OC0zNDM2M2JjN2M0YzAiOnsiY3JlYXRlIjoyNDAwMDAwMDAwMDAwLCJkZWxldGUiOjI0MDAwMDAwMDAwMDAsInJlYWQiOjI0MDAwMDAwMDAwMDAsInVwZGF0ZSI6MzYwMDAwMDAwMDAwMH0sInNjaGVtYV92ZXJzaW9uIjoiMSJ9"
        }
      ]
    }
  ],
  "check_results": null
}
